// !$*UTF8*$!
{
	archiveVersion = 1;
	classes = {
	};
	objectVersion = 46;
	objects = {

/* Begin PBXBuildFile section */
		6B8CABC31BB121A8005D36F1 /* main.m in Sources */ = {isa = PBXBuildFile; fileRef = 6B8CABC21BB121A8005D36F1 /* main.m */; };
		6B8CABC61BB121A8005D36F1 /* AppDelegate.m in Sources */ = {isa = PBXBuildFile; fileRef = 6B8CABC51BB121A8005D36F1 /* AppDelegate.m */; };
		6B8CABC91BB121A8005D36F1 /* ViewController.m in Sources */ = {isa = PBXBuildFile; fileRef = 6B8CABC81BB121A8005D36F1 /* ViewController.m */; };
		6B8CABCC1BB121A8005D36F1 /* Main.storyboard in Resources */ = {isa = PBXBuildFile; fileRef = 6B8CABCA1BB121A8005D36F1 /* Main.storyboard */; };
		6B8CABCE1BB121A8005D36F1 /* Assets.xcassets in Resources */ = {isa = PBXBuildFile; fileRef = 6B8CABCD1BB121A8005D36F1 /* Assets.xcassets */; };
		6B8CABD11BB121A8005D36F1 /* LaunchScreen.storyboard in Resources */ = {isa = PBXBuildFile; fileRef = 6B8CABCF1BB121A8005D36F1 /* LaunchScreen.storyboard */; };
		6B8CABDC1BB121A8005D36F1 /* asffTests.m in Sources */ = {isa = PBXBuildFile; fileRef = 6B8CABDB1BB121A8005D36F1 /* asffTests.m */; };
		6B8CABE71BB121A8005D36F1 /* asffUITests.m in Sources */ = {isa = PBXBuildFile; fileRef = 6B8CABE61BB121A8005D36F1 /* asffUITests.m */; };
/* End PBXBuildFile section */

/* Begin PBXContainerItemProxy section */
		6B8CABD81BB121A8005D36F1 /* PBXContainerItemProxy */ = {
			isa = PBXContainerItemProxy;
			containerPortal = 6B8CABB61BB121A8005D36F1 /* Project object */;
			proxyType = 1;
			remoteGlobalIDString = 6B8CABBD1BB121A8005D36F1;
			remoteInfo = asff;
		};
		6B8CABE31BB121A8005D36F1 /* PBXContainerItemProxy */ = {
			isa = PBXContainerItemProxy;
			containerPortal = 6B8CABB61BB121A8005D36F1 /* Project object */;
			proxyType = 1;
			remoteGlobalIDString = 6B8CABBD1BB121A8005D36F1;
			remoteInfo = asff;
		};
/* End PBXContainerItemProxy section */

/* Begin PBXFileReference section */
		6B8CABBE1BB121A8005D36F1 /* asff.app */ = {isa = PBXFileReference; explicitFileType = wrapper.application; includeInIndex = 0; path = asff.app; sourceTree = BUILT_PRODUCTS_DIR; };
		6B8CABC21BB121A8005D36F1 /* main.m */ = {isa = PBXFileReference; lastKnownFileType = sourcecode.c.objc; path = main.m; sourceTree = "<group>"; };
		6B8CABC41BB121A8005D36F1 /* AppDelegate.h */ = {isa = PBXFileReference; lastKnownFileType = sourcecode.c.h; path = AppDelegate.h; sourceTree = "<group>"; };
		6B8CABC51BB121A8005D36F1 /* AppDelegate.m */ = {isa = PBXFileReference; lastKnownFileType = sourcecode.c.objc; path = AppDelegate.m; sourceTree = "<group>"; };
		6B8CABC71BB121A8005D36F1 /* ViewController.h */ = {isa = PBXFileReference; lastKnownFileType = sourcecode.c.h; path = ViewController.h; sourceTree = "<group>"; };
		6B8CABC81BB121A8005D36F1 /* ViewController.m */ = {isa = PBXFileReference; lastKnownFileType = sourcecode.c.objc; path = ViewController.m; sourceTree = "<group>"; };
		6B8CABCB1BB121A8005D36F1 /* Base */ = {isa = PBXFileReference; lastKnownFileType = file.storyboard; name = Base; path = Base.lproj/Main.storyboard; sourceTree = "<group>"; };
		6B8CABCD1BB121A8005D36F1 /* Assets.xcassets */ = {isa = PBXFileReference; lastKnownFileType = folder.assetcatalog; path = Assets.xcassets; sourceTree = "<group>"; };
		6B8CABD01BB121A8005D36F1 /* Base */ = {isa = PBXFileReference; lastKnownFileType = file.storyboard; name = Base; path = Base.lproj/LaunchScreen.storyboard; sourceTree = "<group>"; };
		6B8CABD21BB121A8005D36F1 /* Info.plist */ = {isa = PBXFileReference; lastKnownFileType = text.plist.xml; path = Info.plist; sourceTree = "<group>"; };
		6B8CABD71BB121A8005D36F1 /* asffTests.xctest */ = {isa = PBXFileReference; explicitFileType = wrapper.cfbundle; includeInIndex = 0; path = asffTests.xctest; sourceTree = BUILT_PRODUCTS_DIR; };
		6B8CABDB1BB121A8005D36F1 /* asffTests.m */ = {isa = PBXFileReference; lastKnownFileType = sourcecode.c.objc; path = asffTests.m; sourceTree = "<group>"; };
		6B8CABDD1BB121A8005D36F1 /* Info.plist */ = {isa = PBXFileReference; lastKnownFileType = text.plist.xml; path = Info.plist; sourceTree = "<group>"; };
		6B8CABE21BB121A8005D36F1 /* asffUITests.xctest */ = {isa = PBXFileReference; explicitFileType = wrapper.cfbundle; includeInIndex = 0; path = asffUITests.xctest; sourceTree = BUILT_PRODUCTS_DIR; };
		6B8CABE61BB121A8005D36F1 /* asffUITests.m */ = {isa = PBXFileReference; lastKnownFileType = sourcecode.c.objc; path = asffUITests.m; sourceTree = "<group>"; };
		6B8CABE81BB121A8005D36F1 /* Info.plist */ = {isa = PBXFileReference; lastKnownFileType = text.plist.xml; path = Info.plist; sourceTree = "<group>"; };
/* End PBXFileReference section */

/* Begin PBXFrameworksBuildPhase section */
		6B8CABBB1BB121A8005D36F1 /* Frameworks */ = {
			isa = PBXFrameworksBuildPhase;
			buildActionMask = 2147483647;
			files = (
			);
			runOnlyForDeploymentPostprocessing = 0;
		};
		6B8CABD41BB121A8005D36F1 /* Frameworks */ = {
			isa = PBXFrameworksBuildPhase;
			buildActionMask = 2147483647;
			files = (
			);
			runOnlyForDeploymentPostprocessing = 0;
		};
		6B8CABDF1BB121A8005D36F1 /* Frameworks */ = {
			isa = PBXFrameworksBuildPhase;
			buildActionMask = 2147483647;
			files = (
			);
			runOnlyForDeploymentPostprocessing = 0;
		};
/* End PBXFrameworksBuildPhase section */

/* Begin PBXGroup section */
		6B8CABB51BB121A8005D36F1 = {
			isa = PBXGroup;
			children = (
				6B8CABC01BB121A8005D36F1 /* asff */,
				6B8CABDA1BB121A8005D36F1 /* asffTests */,
				6B8CABE51BB121A8005D36F1 /* asffUITests */,
				6B8CABBF1BB121A8005D36F1 /* Products */,
			);
			sourceTree = "<group>";
		};
		6B8CABBF1BB121A8005D36F1 /* Products */ = {
			isa = PBXGroup;
			children = (
				6B8CABBE1BB121A8005D36F1 /* asff.app */,
				6B8CABD71BB121A8005D36F1 /* asffTests.xctest */,
				6B8CABE21BB121A8005D36F1 /* asffUITests.xctest */,
			);
			name = Products;
			sourceTree = "<group>";
		};
		6B8CABC01BB121A8005D36F1 /* asff */ = {
			isa = PBXGroup;
			children = (
				6B8CABC41BB121A8005D36F1 /* AppDelegate.h */,
				6B8CABC51BB121A8005D36F1 /* AppDelegate.m */,
				6B8CABC71BB121A8005D36F1 /* ViewController.h */,
				6B8CABC81BB121A8005D36F1 /* ViewController.m */,
				6B8CABCA1BB121A8005D36F1 /* Main.storyboard */,
				6B8CABCD1BB121A8005D36F1 /* Assets.xcassets */,
				6B8CABCF1BB121A8005D36F1 /* LaunchScreen.storyboard */,
				6B8CABD21BB121A8005D36F1 /* Info.plist */,
				6B8CABC11BB121A8005D36F1 /* Supporting Files */,
			);
			path = asff;
			sourceTree = "<group>";
		};
		6B8CABC11BB121A8005D36F1 /* Supporting Files */ = {
			isa = PBXGroup;
			children = (
				6B8CABC21BB121A8005D36F1 /* main.m */,
			);
			name = "Supporting Files";
			sourceTree = "<group>";
		};
		6B8CABDA1BB121A8005D36F1 /* asffTests */ = {
			isa = PBXGroup;
			children = (
				6B8CABDB1BB121A8005D36F1 /* asffTests.m */,
				6B8CABDD1BB121A8005D36F1 /* Info.plist */,
			);
			path = asffTests;
			sourceTree = "<group>";
		};
		6B8CABE51BB121A8005D36F1 /* asffUITests */ = {
			isa = PBXGroup;
			children = (
				6B8CABE61BB121A8005D36F1 /* asffUITests.m */,
				6B8CABE81BB121A8005D36F1 /* Info.plist */,
			);
			path = asffUITests;
			sourceTree = "<group>";
		};
/* End PBXGroup section */

/* Begin PBXNativeTarget section */
		6B8CABBD1BB121A8005D36F1 /* asff */ = {
			isa = PBXNativeTarget;
			buildConfigurationList = 6B8CABEB1BB121A8005D36F1 /* Build configuration list for PBXNativeTarget "asff" */;
			buildPhases = (
				6B8CABBA1BB121A8005D36F1 /* Sources */,
				6B8CABBB1BB121A8005D36F1 /* Frameworks */,
				6B8CABBC1BB121A8005D36F1 /* Resources */,
			);
			buildRules = (
			);
			dependencies = (
			);
			name = asff;
			productName = asff;
			productReference = 6B8CABBE1BB121A8005D36F1 /* asff.app */;
			productType = "com.apple.product-type.application";
		};
		6B8CABD61BB121A8005D36F1 /* asffTests */ = {
			isa = PBXNativeTarget;
			buildConfigurationList = 6B8CABEE1BB121A8005D36F1 /* Build configuration list for PBXNativeTarget "asffTests" */;
			buildPhases = (
				6B8CABD31BB121A8005D36F1 /* Sources */,
				6B8CABD41BB121A8005D36F1 /* Frameworks */,
				6B8CABD51BB121A8005D36F1 /* Resources */,
			);
			buildRules = (
			);
			dependencies = (
				6B8CABD91BB121A8005D36F1 /* PBXTargetDependency */,
			);
			name = asffTests;
			productName = asffTests;
			productReference = 6B8CABD71BB121A8005D36F1 /* asffTests.xctest */;
			productType = "com.apple.product-type.bundle.unit-test";
		};
		6B8CABE11BB121A8005D36F1 /* asffUITests */ = {
			isa = PBXNativeTarget;
			buildConfigurationList = 6B8CABF11BB121A8005D36F1 /* Build configuration list for PBXNativeTarget "asffUITests" */;
			buildPhases = (
				6B8CABDE1BB121A8005D36F1 /* Sources */,
				6B8CABDF1BB121A8005D36F1 /* Frameworks */,
				6B8CABE01BB121A8005D36F1 /* Resources */,
			);
			buildRules = (
			);
			dependencies = (
				6B8CABE41BB121A8005D36F1 /* PBXTargetDependency */,
			);
			name = asffUITests;
			productName = asffUITests;
			productReference = 6B8CABE21BB121A8005D36F1 /* asffUITests.xctest */;
			productType = "com.apple.product-type.bundle.ui-testing";
		};
/* End PBXNativeTarget section */

/* Begin PBXProject section */
		6B8CABB61BB121A8005D36F1 /* Project object */ = {
			isa = PBXProject;
			attributes = {
				LastUpgradeCheck = 0700;
				ORGANIZATIONNAME = "陈奕频";
				TargetAttributes = {
					6B8CABBD1BB121A8005D36F1 = {
						CreatedOnToolsVersion = 7.0;
					};
					6B8CABD61BB121A8005D36F1 = {
						CreatedOnToolsVersion = 7.0;
						TestTargetID = 6B8CABBD1BB121A8005D36F1;
					};
					6B8CABE11BB121A8005D36F1 = {
						CreatedOnToolsVersion = 7.0;
						TestTargetID = 6B8CABBD1BB121A8005D36F1;
					};
				};
			};
			buildConfigurationList = 6B8CABB91BB121A8005D36F1 /* Build configuration list for PBXProject "asff" */;
			compatibilityVersion = "Xcode 3.2";
			developmentRegion = English;
			hasScannedForEncodings = 0;
			knownRegions = (
				en,
				Base,
			);
			mainGroup = 6B8CABB51BB121A8005D36F1;
			productRefGroup = 6B8CABBF1BB121A8005D36F1 /* Products */;
			projectDirPath = "";
			projectRoot = "";
			targets = (
				6B8CABBD1BB121A8005D36F1 /* asff */,
				6B8CABD61BB121A8005D36F1 /* asffTests */,
				6B8CABE11BB121A8005D36F1 /* asffUITests */,
			);
		};
/* End PBXProject section */

/* Begin PBXResourcesBuildPhase section */
		6B8CABBC1BB121A8005D36F1 /* Resources */ = {
			isa = PBXResourcesBuildPhase;
			buildActionMask = 2147483647;
			files = (
				6B8CABD11BB121A8005D36F1 /* LaunchScreen.storyboard in Resources */,
				6B8CABCE1BB121A8005D36F1 /* Assets.xcassets in Resources */,
				6B8CABCC1BB121A8005D36F1 /* Main.storyboard in Resources */,
			);
			runOnlyForDeploymentPostprocessing = 0;
		};
		6B8CABD51BB121A8005D36F1 /* Resources */ = {
			isa = PBXResourcesBuildPhase;
			buildActionMask = 2147483647;
			files = (
			);
			runOnlyForDeploymentPostprocessing = 0;
		};
		6B8CABE01BB121A8005D36F1 /* Resources */ = {
			isa = PBXResourcesBuildPhase;
			buildActionMask = 2147483647;
			files = (
			);
			runOnlyForDeploymentPostprocessing = 0;
		};
/* End PBXResourcesBuildPhase section */

/* Begin PBXSourcesBuildPhase section */
		6B8CABBA1BB121A8005D36F1 /* Sources */ = {
			isa = PBXSourcesBuildPhase;
			buildActionMask = 2147483647;
			files = (
				6B8CABC91BB121A8005D36F1 /* ViewController.m in Sources */,
				6B8CABC61BB121A8005D36F1 /* AppDelegate.m in Sources */,
				6B8CABC31BB121A8005D36F1 /* main.m in Sources */,
			);
			runOnlyForDeploymentPostprocessing = 0;
		};
		6B8CABD31BB121A8005D36F1 /* Sources */ = {
			isa = PBXSourcesBuildPhase;
			buildActionMask = 2147483647;
			files = (
				6B8CABDC1BB121A8005D36F1 /* asffTests.m in Sources */,
			);
			runOnlyForDeploymentPostprocessing = 0;
		};
		6B8CABDE1BB121A8005D36F1 /* Sources */ = {
			isa = PBXSourcesBuildPhase;
			buildActionMask = 2147483647;
			files = (
				6B8CABE71BB121A8005D36F1 /* asffUITests.m in Sources */,
			);
			runOnlyForDeploymentPostprocessing = 0;
		};
/* End PBXSourcesBuildPhase section */

/* Begin PBXTargetDependency section */
		6B8CABD91BB121A8005D36F1 /* PBXTargetDependency */ = {
			isa = PBXTargetDependency;
			target = 6B8CABBD1BB121A8005D36F1 /* asff */;
			targetProxy = 6B8CABD81BB121A8005D36F1 /* PBXContainerItemProxy */;
		};
		6B8CABE41BB121A8005D36F1 /* PBXTargetDependency */ = {
			isa = PBXTargetDependency;
			target = 6B8CABBD1BB121A8005D36F1 /* asff */;
			targetProxy = 6B8CABE31BB121A8005D36F1 /* PBXContainerItemProxy */;
		};
/* End PBXTargetDependency section */

/* Begin PBXVariantGroup section */
		6B8CABCA1BB121A8005D36F1 /* Main.storyboard */ = {
			isa = PBXVariantGroup;
			children = (
				6B8CABCB1BB121A8005D36F1 /* Base */,
			);
			name = Main.storyboard;
			sourceTree = "<group>";
		};
		6B8CABCF1BB121A8005D36F1 /* LaunchScreen.storyboard */ = {
			isa = PBXVariantGroup;
			children = (
				6B8CABD01BB121A8005D36F1 /* Base */,
			);
			name = LaunchScreen.storyboard;
			sourceTree = "<group>";
		};
/* End PBXVariantGroup section */

/* Begin XCBuildConfiguration section */
		6B8CABE91BB121A8005D36F1 /* Debug */ = {
			isa = XCBuildConfiguration;
			buildSettings = {
				ALWAYS_SEARCH_USER_PATHS = NO;
				CLANG_CXX_LANGUAGE_STANDARD = "gnu++0x";
				CLANG_CXX_LIBRARY = "libc++";
				CLANG_ENABLE_MODULES = YES;
				CLANG_ENABLE_OBJC_ARC = YES;
				CLANG_WARN_BOOL_CONVERSION = YES;
				CLANG_WARN_CONSTANT_CONVERSION = YES;
				CLANG_WARN_DIRECT_OBJC_ISA_USAGE = YES_ERROR;
				CLANG_WARN_EMPTY_BODY = YES;
				CLANG_WARN_ENUM_CONVERSION = YES;
				CLANG_WARN_INT_CONVERSION = YES;
				CLANG_WARN_OBJC_ROOT_CLASS = YES_ERROR;
				CLANG_WARN_UNREACHABLE_CODE = YES;
				CLANG_WARN__DUPLICATE_METHOD_MATCH = YES;
				"CODE_SIGN_IDENTITY[sdk=iphoneos*]" = "iPhone Developer";
				COPY_PHASE_STRIP = NO;
				DEBUG_INFORMATION_FORMAT = dwarf;
				ENABLE_STRICT_OBJC_MSGSEND = YES;
				ENABLE_TESTABILITY = YES;
				GCC_C_LANGUAGE_STANDARD = gnu99;
				GCC_DYNAMIC_NO_PIC = NO;
				GCC_NO_COMMON_BLOCKS = YES;
				GCC_OPTIMIZATION_LEVEL = 0;
				GCC_PREPROCESSOR_DEFINITIONS = (
					"DEBUG=1",
					"$(inherited)",
				);
				GCC_WARN_64_TO_32_BIT_CONVERSION = YES;
				GCC_WARN_ABOUT_RETURN_TYPE = YES_ERROR;
				GCC_WARN_UNDECLARED_SELECTOR = YES;
				GCC_WARN_UNINITIALIZED_AUTOS = YES_AGGRESSIVE;
				GCC_WARN_UNUSED_FUNCTION = YES;
				GCC_WARN_UNUSED_VARIABLE = YES;
				IPHONEOS_DEPLOYMENT_TARGET = 9.0;
				MTL_ENABLE_DEBUG_INFO = YES;
				ONLY_ACTIVE_ARCH = YES;
				SDKROOT = iphoneos;
			};
			name = Debug;
		};
		6B8CABEA1BB121A8005D36F1 /* Release */ = {
			isa = XCBuildConfiguration;
			buildSettings = {
				ALWAYS_SEARCH_USER_PATHS = NO;
				CLANG_CXX_LANGUAGE_STANDARD = "gnu++0x";
				CLANG_CXX_LIBRARY = "libc++";
				CLANG_ENABLE_MODULES = YES;
				CLANG_ENABLE_OBJC_ARC = YES;
				CLANG_WARN_BOOL_CONVERSION = YES;
				CLANG_WARN_CONSTANT_CONVERSION = YES;
				CLANG_WARN_DIRECT_OBJC_ISA_USAGE = YES_ERROR;
				CLANG_WARN_EMPTY_BODY = YES;
				CLANG_WARN_ENUM_CONVERSION = YES;
				CLANG_WARN_INT_CONVERSION = YES;
				CLANG_WARN_OBJC_ROOT_CLASS = YES_ERROR;
				CLANG_WARN_UNREACHABLE_CODE = YES;
				CLANG_WARN__DUPLICATE_METHOD_MATCH = YES;
				"CODE_SIGN_IDENTITY[sdk=iphoneos*]" = "iPhone Developer";
				COPY_PHASE_STRIP = NO;
				DEBUG_INFORMATION_FORMAT = "dwarf-with-dsym";
				ENABLE_NS_ASSERTIONS = NO;
				ENABLE_STRICT_OBJC_MSGSEND = YES;
				GCC_C_LANGUAGE_STANDARD = gnu99;
				GCC_NO_COMMON_BLOCKS = YES;
				GCC_WARN_64_TO_32_BIT_CONVERSION = YES;
				GCC_WARN_ABOUT_RETURN_TYPE = YES_ERROR;
				GCC_WARN_UNDECLARED_SELECTOR = YES;
				GCC_WARN_UNINITIALIZED_AUTOS = YES_AGGRESSIVE;
				GCC_WARN_UNUSED_FUNCTION = YES;
				GCC_WARN_UNUSED_VARIABLE = YES;
				IPHONEOS_DEPLOYMENT_TARGET = 9.0;
				MTL_ENABLE_DEBUG_INFO = NO;
				SDKROOT = iphoneos;
				VALIDATE_PRODUCT = YES;
			};
			name = Release;
		};
		6B8CABEC1BB121A8005D36F1 /* Debug */ = {
			isa = XCBuildConfiguration;
			buildSettings = {
				ASSETCATALOG_COMPILER_APPICON_NAME = AppIcon;
				INFOPLIST_FILE = asff/Info.plist;
				LD_RUNPATH_SEARCH_PATHS = "$(inherited) @executable_path/Frameworks";
				PRODUCT_BUNDLE_IDENTIFIER = com.linjiasong.asff;
				PRODUCT_NAME = "$(TARGET_NAME)";
			};
			name = Debug;
		};
		6B8CABED1BB121A8005D36F1 /* Release */ = {
			isa = XCBuildConfiguration;
			buildSettings = {
				ASSETCATALOG_COMPILER_APPICON_NAME = AppIcon;
				INFOPLIST_FILE = asff/Info.plist;
				LD_RUNPATH_SEARCH_PATHS = "$(inherited) @executable_path/Frameworks";
				PRODUCT_BUNDLE_IDENTIFIER = com.linjiasong.asff;
				PRODUCT_NAME = "$(TARGET_NAME)";
			};
			name = Release;
		};
		6B8CABEF1BB121A8005D36F1 /* Debug */ = {
			isa = XCBuildConfiguration;
			buildSettings = {
				BUNDLE_LOADER = "$(TEST_HOST)";
				INFOPLIST_FILE = asffTests/Info.plist;
				LD_RUNPATH_SEARCH_PATHS = "$(inherited) @executable_path/Frameworks @loader_path/Frameworks";
				PRODUCT_BUNDLE_IDENTIFIER = com.linjiasong.asffTests;
				PRODUCT_NAME = "$(TARGET_NAME)";
				TEST_HOST = "$(BUILT_PRODUCTS_DIR)/asff.app/asff";
			};
			name = Debug;
		};
		6B8CABF01BB121A8005D36F1 /* Release */ = {
			isa = XCBuildConfiguration;
			buildSettings = {
				BUNDLE_LOADER = "$(TEST_HOST)";
				INFOPLIST_FILE = asffTests/Info.plist;
				LD_RUNPATH_SEARCH_PATHS = "$(inherited) @executable_path/Frameworks @loader_path/Frameworks";
				PRODUCT_BUNDLE_IDENTIFIER = com.linjiasong.asffTests;
				PRODUCT_NAME = "$(TARGET_NAME)";
				TEST_HOST = "$(BUILT_PRODUCTS_DIR)/asff.app/asff";
			};
			name = Release;
		};
		6B8CABF21BB121A8005D36F1 /* Debug */ = {
			isa = XCBuildConfiguration;
			buildSettings = {
				INFOPLIST_FILE = asffUITests/Info.plist;
				LD_RUNPATH_SEARCH_PATHS = "$(inherited) @executable_path/Frameworks @loader_path/Frameworks";
				PRODUCT_BUNDLE_IDENTIFIER = com.linjiasong.asffUITests;
				PRODUCT_NAME = "$(TARGET_NAME)";
				TEST_TARGET_NAME = asff;
				USES_XCTRUNNER = YES;
			};
			name = Debug;
		};
		6B8CABF31BB121A8005D36F1 /* Release */ = {
			isa = XCBuildConfiguration;
			buildSettings = {
				INFOPLIST_FILE = asffUITests/Info.plist;
				LD_RUNPATH_SEARCH_PATHS = "$(inherited) @executable_path/Frameworks @loader_path/Frameworks";
				PRODUCT_BUNDLE_IDENTIFIER = com.linjiasong.asffUITests;
				PRODUCT_NAME = "$(TARGET_NAME)";
				TEST_TARGET_NAME = asff;
				USES_XCTRUNNER = YES;
			};
			name = Release;
		};
/* End XCBuildConfiguration section */

/* Begin XCConfigurationList section */
		6B8CABB91BB121A8005D36F1 /* Build configuration list for PBXProject "asff" */ = {
			isa = XCConfigurationList;
			buildConfigurations = (
				6B8CABE91BB121A8005D36F1 /* Debug */,
				6B8CABEA1BB121A8005D36F1 /* Release */,
			);
			defaultConfigurationIsVisible = 0;
			defaultConfigurationName = Release;
		};
		6B8CABEB1BB121A8005D36F1 /* Build configuration list for PBXNativeTarget "asff" */ = {
			isa = XCConfigurationList;
			buildConfigurations = (
				6B8CABEC1BB121A8005D36F1 /* Debug */,
				6B8CABED1BB121A8005D36F1 /* Release */,
			);
			defaultConfigurationIsVisible = 0;
		};
		6B8CABEE1BB121A8005D36F1 /* Build configuration list for PBXNativeTarget "asffTests" */ = {
			isa = XCConfigurationList;
			buildConfigurations = (
				6B8CABEF1BB121A8005D36F1 /* Debug */,
				6B8CABF01BB121A8005D36F1 /* Release */,
			);
			defaultConfigurationIsVisible = 0;
		};
		6B8CABF11BB121A8005D36F1 /* Build configuration list for PBXNativeTarget "asffUITests" */ = {
			isa = XCConfigurationList;
			buildConfigurations = (
				6B8CABF21BB121A8005D36F1 /* Debug */,
				6B8CABF31BB121A8005D36F1 /* Release */,
			);
			defaultConfigurationIsVisible = 0;
		};
/* End XCConfigurationList section */
	};
	rootObject = 6B8CABB61BB121A8005D36F1 /* Project object */;
}
